// !$*UTF8*$!
{
	archiveVersion = 1;
	classes = {
	};
	objectVersion = 56;
	objects = {

/* Begin PBXBuildFile section */
		CCC21A5C2BF2B129005B9090 /* AppDelegate.swift in Sources */ = {isa = PBXBuildFile; fileRef = CCC21A5B2BF2B129005B9090 /* AppDelegate.swift */; };
		CCC21A5E2BF2B129005B9090 /* SceneDelegate.swift in Sources */ = {isa = PBXBuildFile; fileRef = CCC21A5D2BF2B129005B9090 /* SceneDelegate.swift */; };
		CCC21A602BF2B129005B9090 /* ViewController.swift in Sources */ = {isa = PBXBuildFile; fileRef = CCC21A5F2BF2B129005B9090 /* ViewController.swift */; };
		CCC21A632BF2B129005B9090 /* Main.storyboard in Resources */ = {isa = PBXBuildFile; fileRef = CCC21A612BF2B129005B9090 /* Main.storyboard */; };
		CCC21A652BF2B12B005B9090 /* Assets.xcassets in Resources */ = {isa = PBXBuildFile; fileRef = CCC21A642BF2B12B005B9090 /* Assets.xcassets */; };
		CCC21A682BF2B12B005B9090 /* LaunchScreen.storyboard in Resources */ = {isa = PBXBuildFile; fileRef = CCC21A662BF2B12B005B9090 /* LaunchScreen.storyboard */; };
		CCC21A732BF2B12B005B9090 /* lab_2Tests.swift in Sources */ = {isa = PBXBuildFile; fileRef = CCC21A722BF2B12B005B9090 /* lab_2Tests.swift */; };
		CCC21A7D2BF2B12B005B9090 /* lab_2UITests.swift in Sources */ = {isa = PBXBuildFile; fileRef = CCC21A7C2BF2B12B005B9090 /* lab_2UITests.swift */; };
		CCC21A7F2BF2B12B005B9090 /* lab_2UITestsLaunchTests.swift in Sources */ = {isa = PBXBuildFile; fileRef = CCC21A7E2BF2B12B005B9090 /* lab_2UITestsLaunchTests.swift */; };
/* End PBXBuildFile section */

/* Begin PBXContainerItemProxy section */
		CCC21A6F2BF2B12B005B9090 /* PBXContainerItemProxy */ = {
			isa = PBXContainerItemProxy;
			containerPortal = CCC21A502BF2B129005B9090 /* Project object */;
			proxyType = 1;
			remoteGlobalIDString = CCC21A572BF2B129005B9090;
			remoteInfo = "lab 2";
		};
		CCC21A792BF2B12B005B9090 /* PBXContainerItemProxy */ = {
			isa = PBXContainerItemProxy;
			containerPortal = CCC21A502BF2B129005B9090 /* Project object */;
			proxyType = 1;
			remoteGlobalIDString = CCC21A572BF2B129005B9090;
			remoteInfo = "lab 2";
		};
/* End PBXContainerItemProxy section */

/* Begin PBXFileReference section */
		CCC21A582BF2B129005B9090 /* lab 2.app */ = {isa = PBXFileReference; explicitFileType = wrapper.application; includeInIndex = 0; path = "lab 2.app"; sourceTree = BUILT_PRODUCTS_DIR; };
		CCC21A5B2BF2B129005B9090 /* AppDelegate.swift */ = {isa = PBXFileReference; lastKnownFileType = sourcecode.swift; path = AppDelegate.swift; sourceTree = "<group>"; };
		CCC21A5D2BF2B129005B9090 /* SceneDelegate.swift */ = {isa = PBXFileReference; lastKnownFileType = sourcecode.swift; path = SceneDelegate.swift; sourceTree = "<group>"; };
		CCC21A5F2BF2B129005B9090 /* ViewController.swift */ = {isa = PBXFileReference; lastKnownFileType = sourcecode.swift; path = ViewController.swift; sourceTree = "<group>"; };
		CCC21A622BF2B129005B9090 /* Base */ = {isa = PBXFileReference; lastKnownFileType = file.storyboard; name = Base; path = Base.lproj/Main.storyboard; sourceTree = "<group>"; };
		CCC21A642BF2B12B005B9090 /* Assets.xcassets */ = {isa = PBXFileReference; lastKnownFileType = folder.assetcatalog; path = Assets.xcassets; sourceTree = "<group>"; };
		CCC21A672BF2B12B005B9090 /* Base */ = {isa = PBXFileReference; lastKnownFileType = file.storyboard; name = Base; path = Base.lproj/LaunchScreen.storyboard; sourceTree = "<group>"; };
		CCC21A692BF2B12B005B9090 /* Info.plist */ = {isa = PBXFileReference; lastKnownFileType = text.plist.xml; path = Info.plist; sourceTree = "<group>"; };
		CCC21A6E2BF2B12B005B9090 /* lab 2Tests.xctest */ = {isa = PBXFileReference; explicitFileType = wrapper.cfbundle; includeInIndex = 0; path = "lab 2Tests.xctest"; sourceTree = BUILT_PRODUCTS_DIR; };
		CCC21A722BF2B12B005B9090 /* lab_2Tests.swift */ = {isa = PBXFileReference; lastKnownFileType = sourcecode.swift; path = lab_2Tests.swift; sourceTree = "<group>"; };
		CCC21A782BF2B12B005B9090 /* lab 2UITests.xctest */ = {isa = PBXFileReference; explicitFileType = wrapper.cfbundle; includeInIndex = 0; path = "lab 2UITests.xctest"; sourceTree = BUILT_PRODUCTS_DIR; };
		CCC21A7C2BF2B12B005B9090 /* lab_2UITests.swift */ = {isa = PBXFileReference; lastKnownFileType = sourcecode.swift; path = lab_2UITests.swift; sourceTree = "<group>"; };
		CCC21A7E2BF2B12B005B9090 /* lab_2UITestsLaunchTests.swift */ = {isa = PBXFileReference; lastKnownFileType = sourcecode.swift; path = lab_2UITestsLaunchTests.swift; sourceTree = "<group>"; };
/* End PBXFileReference section */

/* Begin PBXFrameworksBuildPhase section */
		CCC21A552BF2B129005B9090 /* Frameworks */ = {
			isa = PBXFrameworksBuildPhase;
			buildActionMask = 2147483647;
			files = (
			);
			runOnlyForDeploymentPostprocessing = 0;
		};
		CCC21A6B2BF2B12B005B9090 /* Frameworks */ = {
			isa = PBXFrameworksBuildPhase;
			buildActionMask = 2147483647;
			files = (
			);
			runOnlyForDeploymentPostprocessing = 0;
		};
		CCC21A752BF2B12B005B9090 /* Frameworks */ = {
			isa = PBXFrameworksBuildPhase;
			buildActionMask = 2147483647;
			files = (
			);
			runOnlyForDeploymentPostprocessing = 0;
		};
/* End PBXFrameworksBuildPhase section */

/* Begin PBXGroup section */
		CCC21A4F2BF2B129005B9090 = {
			isa = PBXGroup;
			children = (
				CCC21A5A2BF2B129005B9090 /* lab 2 */,
				CCC21A712BF2B12B005B9090 /* lab 2Tests */,
				CCC21A7B2BF2B12B005B9090 /* lab 2UITests */,
				CCC21A592BF2B129005B9090 /* Products */,
			);
			sourceTree = "<group>";
		};
		CCC21A592BF2B129005B9090 /* Products */ = {
			isa = PBXGroup;
			children = (
				CCC21A582BF2B129005B9090 /* lab 2.app */,
				CCC21A6E2BF2B12B005B9090 /* lab 2Tests.xctest */,
				CCC21A782BF2B12B005B9090 /* lab 2UITests.xctest */,
			);
			name = Products;
			sourceTree = "<group>";
		};
		CCC21A5A2BF2B129005B9090 /* lab 2 */ = {
			isa = PBXGroup;
			children = (
				CCC21A5B2BF2B129005B9090 /* AppDelegate.swift */,
				CCC21A5D2BF2B129005B9090 /* SceneDelegate.swift */,
				CCC21A5F2BF2B129005B9090 /* ViewController.swift */,
				CCC21A612BF2B129005B9090 /* Main.storyboard */,
				CCC21A642BF2B12B005B9090 /* Assets.xcassets */,
				CCC21A662BF2B12B005B9090 /* LaunchScreen.storyboard */,
				CCC21A692BF2B12B005B9090 /* Info.plist */,
			);
			path = "lab 2";
			sourceTree = "<group>";
		};
		CCC21A712BF2B12B005B9090 /* lab 2Tests */ = {
			isa = PBXGroup;
			children = (
				CCC21A722BF2B12B005B9090 /* lab_2Tests.swift */,
			);
			path = "lab 2Tests";
			sourceTree = "<group>";
		};
		CCC21A7B2BF2B12B005B9090 /* lab 2UITests */ = {
			isa = PBXGroup;
			children = (
				CCC21A7C2BF2B12B005B9090 /* lab_2UITests.swift */,
				CCC21A7E2BF2B12B005B9090 /* lab_2UITestsLaunchTests.swift */,
			);
			path = "lab 2UITests";
			sourceTree = "<group>";
		};
/* End PBXGroup section */

/* Begin PBXNativeTarget section */
		CCC21A572BF2B129005B9090 /* lab 2 */ = {
			isa = PBXNativeTarget;
			buildConfigurationList = CCC21A822BF2B12B005B9090 /* Build configuration list for PBXNativeTarget "lab 2" */;
			buildPhases = (
				CCC21A542BF2B129005B9090 /* Sources */,
				CCC21A552BF2B129005B9090 /* Frameworks */,
				CCC21A562BF2B129005B9090 /* Resources */,
			);
			buildRules = (
			);
			dependencies = (
			);
			name = "lab 2";
			productName = "lab 2";
			productReference = CCC21A582BF2B129005B9090 /* lab 2.app */;
			productType = "com.apple.product-type.application";
		};
		CCC21A6D2BF2B12B005B9090 /* lab 2Tests */ = {
			isa = PBXNativeTarget;
			buildConfigurationList = CCC21A852BF2B12B005B9090 /* Build configuration list for PBXNativeTarget "lab 2Tests" */;
			buildPhases = (
				CCC21A6A2BF2B12B005B9090 /* Sources */,
				CCC21A6B2BF2B12B005B9090 /* Frameworks */,
				CCC21A6C2BF2B12B005B9090 /* Resources */,
			);
			buildRules = (
			);
			dependencies = (
				CCC21A702BF2B12B005B9090 /* PBXTargetDependency */,
			);
			name = "lab 2Tests";
			productName = "lab 2Tests";
			productReference = CCC21A6E2BF2B12B005B9090 /* lab 2Tests.xctest */;
			productType = "com.apple.product-type.bundle.unit-test";
		};
		CCC21A772BF2B12B005B9090 /* lab 2UITests */ = {
			isa = PBXNativeTarget;
			buildConfigurationList = CCC21A882BF2B12B005B9090 /* Build configuration list for PBXNativeTarget "lab 2UITests" */;
			buildPhases = (
				CCC21A742BF2B12B005B9090 /* Sources */,
				CCC21A752BF2B12B005B9090 /* Frameworks */,
				CCC21A762BF2B12B005B9090 /* Resources */,
			);
			buildRules = (
			);
			dependencies = (
				CCC21A7A2BF2B12B005B9090 /* PBXTargetDependency */,
			);
			name = "lab 2UITests";
			productName = "lab 2UITests";
			productReference = CCC21A782BF2B12B005B9090 /* lab 2UITests.xctest */;
			productType = "com.apple.product-type.bundle.ui-testing";
		};
/* End PBXNativeTarget section */

/* Begin PBXProject section */
		CCC21A502BF2B129005B9090 /* Project object */ = {
			isa = PBXProject;
			attributes = {
				BuildIndependentTargetsInParallel = 1;
				LastSwiftUpdateCheck = 1420;
				LastUpgradeCheck = 1420;
				TargetAttributes = {
					CCC21A572BF2B129005B9090 = {
						CreatedOnToolsVersion = 14.2;
					};
					CCC21A6D2BF2B12B005B9090 = {
						CreatedOnToolsVersion = 14.2;
						TestTargetID = CCC21A572BF2B129005B9090;
					};
					CCC21A772BF2B12B005B9090 = {
						CreatedOnToolsVersion = 14.2;
						TestTargetID = CCC21A572BF2B129005B9090;
					};
				};
			};
			buildConfigurationList = CCC21A532BF2B129005B9090 /* Build configuration list for PBXProject "lab 2" */;
			compatibilityVersion = "Xcode 14.0";
			developmentRegion = en;
			hasScannedForEncodings = 0;
			knownRegions = (
				en,
				Base,
			);
			mainGroup = CCC21A4F2BF2B129005B9090;
			productRefGroup = CCC21A592BF2B129005B9090 /* Products */;
			projectDirPath = "";
			projectRoot = "";
			targets = (
				CCC21A572BF2B129005B9090 /* lab 2 */,
				CCC21A6D2BF2B12B005B9090 /* lab 2Tests */,
				CCC21A772BF2B12B005B9090 /* lab 2UITests */,
			);
		};
/* End PBXProject section */

/* Begin PBXResourcesBuildPhase section */
		CCC21A562BF2B129005B9090 /* Resources */ = {
			isa = PBXResourcesBuildPhase;
			buildActionMask = 2147483647;
			files = (
				CCC21A682BF2B12B005B9090 /* LaunchScreen.storyboard in Resources */,
				CCC21A652BF2B12B005B9090 /* Assets.xcassets in Resources */,
				CCC21A632BF2B129005B9090 /* Main.storyboard in Resources */,
			);
			runOnlyForDeploymentPostprocessing = 0;
		};
		CCC21A6C2BF2B12B005B9090 /* Resources */ = {
			isa = PBXResourcesBuildPhase;
			buildActionMask = 2147483647;
			files = (
			);
			runOnlyForDeploymentPostprocessing = 0;
		};
		CCC21A762BF2B12B005B9090 /* Resources */ = {
			isa = PBXResourcesBuildPhase;
			buildActionMask = 2147483647;
			files = (
			);
			runOnlyForDeploymentPostprocessing = 0;
		};
/* End PBXResourcesBuildPhase section */

/* Begin PBXSourcesBuildPhase section */
		CCC21A542BF2B129005B9090 /* Sources */ = {
			isa = PBXSourcesBuildPhase;
			buildActionMask = 2147483647;
			files = (
				CCC21A602BF2B129005B9090 /* ViewController.swift in Sources */,
				CCC21A5C2BF2B129005B9090 /* AppDelegate.swift in Sources */,
				CCC21A5E2BF2B129005B9090 /* SceneDelegate.swift in Sources */,
			);
			runOnlyForDeploymentPostprocessing = 0;
		};
		CCC21A6A2BF2B12B005B9090 /* Sources */ = {
			isa = PBXSourcesBuildPhase;
			buildActionMask = 2147483647;
			files = (
				CCC21A732BF2B12B005B9090 /* lab_2Tests.swift in Sources */,
			);
			runOnlyForDeploymentPostprocessing = 0;
		};
		CCC21A742BF2B12B005B9090 /* Sources */ = {
			isa = PBXSourcesBuildPhase;
			buildActionMask = 2147483647;
			files = (
				CCC21A7D2BF2B12B005B9090 /* lab_2UITests.swift in Sources */,
				CCC21A7F2BF2B12B005B9090 /* lab_2UITestsLaunchTests.swift in Sources */,
			);
			runOnlyForDeploymentPostprocessing = 0;
		};
/* End PBXSourcesBuildPhase section */

/* Begin PBXTargetDependency section */
		CCC21A702BF2B12B005B9090 /* PBXTargetDependency */ = {
			isa = PBXTargetDependency;
			target = CCC21A572BF2B129005B9090 /* lab 2 */;
			targetProxy = CCC21A6F2BF2B12B005B9090 /* PBXContainerItemProxy */;
		};
		CCC21A7A2BF2B12B005B9090 /* PBXTargetDependency */ = {
			isa = PBXTargetDependency;
			target = CCC21A572BF2B129005B9090 /* lab 2 */;
			targetProxy = CCC21A792BF2B12B005B9090 /* PBXContainerItemProxy */;
		};
/* End PBXTargetDependency section */

/* Begin PBXVariantGroup section */
		CCC21A612BF2B129005B9090 /* Main.storyboard */ = {
			isa = PBXVariantGroup;
			children = (
				CCC21A622BF2B129005B9090 /* Base */,
			);
			name = Main.storyboard;
			sourceTree = "<group>";
		};
		CCC21A662BF2B12B005B9090 /* LaunchScreen.storyboard */ = {
			isa = PBXVariantGroup;
			children = (
				CCC21A672BF2B12B005B9090 /* Base */,
			);
			name = LaunchScreen.storyboard;
			sourceTree = "<group>";
		};
/* End PBXVariantGroup section */

/* Begin XCBuildConfiguration section */
		CCC21A802BF2B12B005B9090 /* Debug */ = {
			isa = XCBuildConfiguration;
			buildSettings = {
				ALWAYS_SEARCH_USER_PATHS = NO;
				CLANG_ANALYZER_NONNULL = YES;
				CLANG_ANALYZER_NUMBER_OBJECT_CONVERSION = YES_AGGRESSIVE;
				CLANG_CXX_LANGUAGE_STANDARD = "gnu++20";
				CLANG_ENABLE_MODULES = YES;
				CLANG_ENABLE_OBJC_ARC = YES;
				CLANG_ENABLE_OBJC_WEAK = YES;
				CLANG_WARN_BLOCK_CAPTURE_AUTORELEASING = YES;
				CLANG_WARN_BOOL_CONVERSION = YES;
				CLANG_WARN_COMMA = YES;
				CLANG_WARN_CONSTANT_CONVERSION = YES;
				CLANG_WARN_DEPRECATED_OBJC_IMPLEMENTATIONS = YES;
				CLANG_WARN_DIRECT_OBJC_ISA_USAGE = YES_ERROR;
				CLANG_WARN_DOCUMENTATION_COMMENTS = YES;
				CLANG_WARN_EMPTY_BODY = YES;
				CLANG_WARN_ENUM_CONVERSION = YES;
				CLANG_WARN_INFINITE_RECURSION = YES;
				CLANG_WARN_INT_CONVERSION = YES;
				CLANG_WARN_NON_LITERAL_NULL_CONVERSION = YES;
				CLANG_WARN_OBJC_IMPLICIT_RETAIN_SELF = YES;
				CLANG_WARN_OBJC_LITERAL_CONVERSION = YES;
				CLANG_WARN_OBJC_ROOT_CLASS = YES_ERROR;
				CLANG_WARN_QUOTED_INCLUDE_IN_FRAMEWORK_HEADER = YES;
				CLANG_WARN_RANGE_LOOP_ANALYSIS = YES;
				CLANG_WARN_STRICT_PROTOTYPES = YES;
				CLANG_WARN_SUSPICIOUS_MOVE = YES;
				CLANG_WARN_UNGUARDED_AVAILABILITY = YES_AGGRESSIVE;
				CLANG_WARN_UNREACHABLE_CODE = YES;
				CLANG_WARN__DUPLICATE_METHOD_MATCH = YES;
				COPY_PHASE_STRIP = NO;
				DEBUG_INFORMATION_FORMAT = dwarf;
				ENABLE_STRICT_OBJC_MSGSEND = YES;
				ENABLE_TESTABILITY = YES;
				GCC_C_LANGUAGE_STANDARD = gnu11;
				GCC_DYNAMIC_NO_PIC = NO;
				GCC_NO_COMMON_BLOCKS = YES;
				GCC_OPTIMIZATION_LEVEL = 0;
				GCC_PREPROCESSOR_DEFINITIONS = (
					"DEBUG=1",
					"$(inherited)",
				);
				GCC_WARN_64_TO_32_BIT_CONVERSION = YES;
				GCC_WARN_ABOUT_RETURN_TYPE = YES_ERROR;
				GCC_WARN_UNDECLARED_SELECTOR = YES;
				GCC_WARN_UNINITIALIZED_AUTOS = YES_AGGRESSIVE;
				GCC_WARN_UNUSED_FUNCTION = YES;
				GCC_WARN_UNUSED_VARIABLE = YES;
				IPHONEOS_DEPLOYMENT_TARGET = 16.2;
				MTL_ENABLE_DEBUG_INFO = INCLUDE_SOURCE;
				MTL_FAST_MATH = YES;
				ONLY_ACTIVE_ARCH = YES;
				SDKROOT = iphoneos;
				SWIFT_ACTIVE_COMPILATION_CONDITIONS = DEBUG;
				SWIFT_OPTIMIZATION_LEVEL = "-Onone";
			};
			name = Debug;
		};
		CCC21A812BF2B12B005B9090 /* Release */ = {
			isa = XCBuildConfiguration;
			buildSettings = {
				ALWAYS_SEARCH_USER_PATHS = NO;
				CLANG_ANALYZER_NONNULL = YES;
				CLANG_ANALYZER_NUMBER_OBJECT_CONVERSION = YES_AGGRESSIVE;
				CLANG_CXX_LANGUAGE_STANDARD = "gnu++20";
				CLANG_ENABLE_MODULES = YES;
				CLANG_ENABLE_OBJC_ARC = YES;
				CLANG_ENABLE_OBJC_WEAK = YES;
				CLANG_WARN_BLOCK_CAPTURE_AUTORELEASING = YES;
				CLANG_WARN_BOOL_CONVERSION = YES;
				CLANG_WARN_COMMA = YES;
				CLANG_WARN_CONSTANT_CONVERSION = YES;
				CLANG_WARN_DEPRECATED_OBJC_IMPLEMENTATIONS = YES;
				CLANG_WARN_DIRECT_OBJC_ISA_USAGE = YES_ERROR;
				CLANG_WARN_DOCUMENTATION_COMMENTS = YES;
				CLANG_WARN_EMPTY_BODY = YES;
				CLANG_WARN_ENUM_CONVERSION = YES;
				CLANG_WARN_INFINITE_RECURSION = YES;
				CLANG_WARN_INT_CONVERSION = YES;
				CLANG_WARN_NON_LITERAL_NULL_CONVERSION = YES;
				CLANG_WARN_OBJC_IMPLICIT_RETAIN_SELF = YES;
				CLANG_WARN_OBJC_LITERAL_CONVERSION = YES;
				CLANG_WARN_OBJC_ROOT_CLASS = YES_ERROR;
				CLANG_WARN_QUOTED_INCLUDE_IN_FRAMEWORK_HEADER = YES;
				CLANG_WARN_RANGE_LOOP_ANALYSIS = YES;
				CLANG_WARN_STRICT_PROTOTYPES = YES;
				CLANG_WARN_SUSPICIOUS_MOVE = YES;
				CLANG_WARN_UNGUARDED_AVAILABILITY = YES_AGGRESSIVE;
				CLANG_WARN_UNREACHABLE_CODE = YES;
				CLANG_WARN__DUPLICATE_METHOD_MATCH = YES;
				COPY_PHASE_STRIP = NO;
				DEBUG_INFORMATION_FORMAT = "dwarf-with-dsym";
				ENABLE_NS_ASSERTIONS = NO;
				ENABLE_STRICT_OBJC_MSGSEND = YES;
				GCC_C_LANGUAGE_STANDARD = gnu11;
				GCC_NO_COMMON_BLOCKS = YES;
				GCC_WARN_64_TO_32_BIT_CONVERSION = YES;
				GCC_WARN_ABOUT_RETURN_TYPE = YES_ERROR;
				GCC_WARN_UNDECLARED_SELECTOR = YES;
				GCC_WARN_UNINITIALIZED_AUTOS = YES_AGGRESSIVE;
				GCC_WARN_UNUSED_FUNCTION = YES;
				GCC_WARN_UNUSED_VARIABLE = YES;
				IPHONEOS_DEPLOYMENT_TARGET = 16.2;
				MTL_ENABLE_DEBUG_INFO = NO;
				MTL_FAST_MATH = YES;
				SDKROOT = iphoneos;
				SWIFT_COMPILATION_MODE = wholemodule;
				SWIFT_OPTIMIZATION_LEVEL = "-O";
				VALIDATE_PRODUCT = YES;
			};
			name = Release;
		};
		CCC21A832BF2B12B005B9090 /* Debug */ = {
			isa = XCBuildConfiguration;
			buildSettings = {
				ASSETCATALOG_COMPILER_APPICON_NAME = AppIcon;
				ASSETCATALOG_COMPILER_GLOBAL_ACCENT_COLOR_NAME = AccentColor;
				CODE_SIGN_STYLE = Automatic;
				CURRENT_PROJECT_VERSION = 1;
				GENERATE_INFOPLIST_FILE = YES;
				INFOPLIST_FILE = "lab 2/Info.plist";
				INFOPLIST_KEY_UIApplicationSupportsIndirectInputEvents = YES;
				INFOPLIST_KEY_UILaunchStoryboardName = LaunchScreen;
				INFOPLIST_KEY_UIMainStoryboardFile = Main;
				INFOPLIST_KEY_UISupportedInterfaceOrientations_iPad = "UIInterfaceOrientationPortrait UIInterfaceOrientationPortraitUpsideDown UIInterfaceOrientationLandscapeLeft UIInterfaceOrientationLandscapeRight";
				INFOPLIST_KEY_UISupportedInterfaceOrientations_iPhone = "UIInterfaceOrientationPortrait UIInterfaceOrientationLandscapeLeft UIInterfaceOrientationLandscapeRight";
				LD_RUNPATH_SEARCH_PATHS = (
					"$(inherited)",
					"@executable_path/Frameworks",
				);
				MARKETING_VERSION = 1.0;
				PRODUCT_BUNDLE_IDENTIFIER = "Conestoga.lab-2";
				PRODUCT_NAME = "$(TARGET_NAME)";
				SWIFT_EMIT_LOC_STRINGS = YES;
				SWIFT_VERSION = 5.0;
				TARGETED_DEVICE_FAMILY = "1,2";
			};
			name = Debug;
		};
		CCC21A842BF2B12B005B9090 /* Release */ = {
			isa = XCBuildConfiguration;
			buildSettings = {
				ASSETCATALOG_COMPILER_APPICON_NAME = AppIcon;
				ASSETCATALOG_COMPILER_GLOBAL_ACCENT_COLOR_NAME = AccentColor;
				CODE_SIGN_STYLE = Automatic;
				CURRENT_PROJECT_VERSION = 1;
				GENERATE_INFOPLIST_FILE = YES;
				INFOPLIST_FILE = "lab 2/Info.plist";
				INFOPLIST_KEY_UIApplicationSupportsIndirectInputEvents = YES;
				INFOPLIST_KEY_UILaunchStoryboardName = LaunchScreen;
				INFOPLIST_KEY_UIMainStoryboardFile = Main;
				INFOPLIST_KEY_UISupportedInterfaceOrientations_iPad = "UIInterfaceOrientationPortrait UIInterfaceOrientationPortraitUpsideDown UIInterfaceOrientationLandscapeLeft UIInterfaceOrientationLandscapeRight";
				INFOPLIST_KEY_UISupportedInterfaceOrientations_iPhone = "UIInterfaceOrientationPortrait UIInterfaceOrientationLandscapeLeft UIInterfaceOrientationLandscapeRight";
				LD_RUNPATH_SEARCH_PATHS = (
					"$(inherited)",
					"@executable_path/Frameworks",
				);
				MARKETING_VERSION = 1.0;
				PRODUCT_BUNDLE_IDENTIFIER = "Conestoga.lab-2";
				PRODUCT_NAME = "$(TARGET_NAME)";
				SWIFT_EMIT_LOC_STRINGS = YES;
				SWIFT_VERSION = 5.0;
				TARGETED_DEVICE_FAMILY = "1,2";
			};
			name = Release;
		};
		CCC21A862BF2B12B005B9090 /* Debug */ = {
			isa = XCBuildConfiguration;
			buildSettings = {
				ALWAYS_EMBED_SWIFT_STANDARD_LIBRARIES = YES;
				BUNDLE_LOADER = "$(TEST_HOST)";
				CODE_SIGN_STYLE = Automatic;
				CURRENT_PROJECT_VERSION = 1;
				GENERATE_INFOPLIST_FILE = YES;
				IPHONEOS_DEPLOYMENT_TARGET = 16.2;
				MARKETING_VERSION = 1.0;
				PRODUCT_BUNDLE_IDENTIFIER = "Conestoga.lab-2Tests";
				PRODUCT_NAME = "$(TARGET_NAME)";
				SWIFT_EMIT_LOC_STRINGS = NO;
				SWIFT_VERSION = 5.0;
				TARGETED_DEVICE_FAMILY = "1,2";
				TEST_HOST = "$(BUILT_PRODUCTS_DIR)/lab 2.app/$(BUNDLE_EXECUTABLE_FOLDER_PATH)/lab 2";
			};
			name = Debug;
		};
		CCC21A872BF2B12B005B9090 /* Release */ = {
			isa = XCBuildConfiguration;
			buildSettings = {
				ALWAYS_EMBED_SWIFT_STANDARD_LIBRARIES = YES;
				BUNDLE_LOADER = "$(TEST_HOST)";
				CODE_SIGN_STYLE = Automatic;
				CURRENT_PROJECT_VERSION = 1;
				GENERATE_INFOPLIST_FILE = YES;
				IPHONEOS_DEPLOYMENT_TARGET = 16.2;
				MARKETING_VERSION = 1.0;
				PRODUCT_BUNDLE_IDENTIFIER = "Conestoga.lab-2Tests";
				PRODUCT_NAME = "$(TARGET_NAME)";
				SWIFT_EMIT_LOC_STRINGS = NO;
				SWIFT_VERSION = 5.0;
				TARGETED_DEVICE_FAMILY = "1,2";
				TEST_HOST = "$(BUILT_PRODUCTS_DIR)/lab 2.app/$(BUNDLE_EXECUTABLE_FOLDER_PATH)/lab 2";
			};
			name = Release;
		};
		CCC21A892BF2B12B005B9090 /* Debug */ = {
			isa = XCBuildConfiguration;
			buildSettings = {
				ALWAYS_EMBED_SWIFT_STANDARD_LIBRARIES = YES;
				CODE_SIGN_STYLE = Automatic;
				CURRENT_PROJECT_VERSION = 1;
				GENERATE_INFOPLIST_FILE = YES;
				MARKETING_VERSION = 1.0;
				PRODUCT_BUNDLE_IDENTIFIER = "Conestoga.lab-2UITests";
				PRODUCT_NAME = "$(TARGET_NAME)";
				SWIFT_EMIT_LOC_STRINGS = NO;
				SWIFT_VERSION = 5.0;
				TARGETED_DEVICE_FAMILY = "1,2";
				TEST_TARGET_NAME = "lab 2";
			};
			name = Debug;
		};
		CCC21A8A2BF2B12B005B9090 /* Release */ = {
			isa = XCBuildConfiguration;
			buildSettings = {
				ALWAYS_EMBED_SWIFT_STANDARD_LIBRARIES = YES;
				CODE_SIGN_STYLE = Automatic;
				CURRENT_PROJECT_VERSION = 1;
				GENERATE_INFOPLIST_FILE = YES;
				MARKETING_VERSION = 1.0;
				PRODUCT_BUNDLE_IDENTIFIER = "Conestoga.lab-2UITests";
				PRODUCT_NAME = "$(TARGET_NAME)";
				SWIFT_EMIT_LOC_STRINGS = NO;
				SWIFT_VERSION = 5.0;
				TARGETED_DEVICE_FAMILY = "1,2";
				TEST_TARGET_NAME = "lab 2";
			};
			name = Release;
		};
/* End XCBuildConfiguration section */

/* Begin XCConfigurationList section */
		CCC21A532BF2B129005B9090 /* Build configuration list for PBXProject "lab 2" */ = {
			isa = XCConfigurationList;
			buildConfigurations = (
				CCC21A802BF2B12B005B9090 /* Debug */,
				CCC21A812BF2B12B005B9090 /* Release */,
			);
			defaultConfigurationIsVisible = 0;
			defaultConfigurationName = Release;
		};
		CCC21A822BF2B12B005B9090 /* Build configuration list for PBXNativeTarget "lab 2" */ = {
			isa = XCConfigurationList;
			buildConfigurations = (
				CCC21A832BF2B12B005B9090 /* Debug */,
				CCC21A842BF2B12B005B9090 /* Release */,
			);
			defaultConfigurationIsVisible = 0;
			defaultConfigurationName = Release;
		};
		CCC21A852BF2B12B005B9090 /* Build configuration list for PBXNativeTarget "lab 2Tests" */ = {
			isa = XCConfigurationList;
			buildConfigurations = (
				CCC21A862BF2B12B005B9090 /* Debug */,
				CCC21A872BF2B12B005B9090 /* Release */,
			);
			defaultConfigurationIsVisible = 0;
			defaultConfigurationName = Release;
		};
		CCC21A882BF2B12B005B9090 /* Build configuration list for PBXNativeTarget "lab 2UITests" */ = {
			isa = XCConfigurationList;
			buildConfigurations = (
				CCC21A892BF2B12B005B9090 /* Debug */,
				CCC21A8A2BF2B12B005B9090 /* Release */,
			);
			defaultConfigurationIsVisible = 0;
			defaultConfigurationName = Release;
		};
/* End XCConfigurationList section */
	};
	rootObject = CCC21A502BF2B129005B9090 /* Project object */;
}
